
Microsoft Visual Studio Solution File, Format Version 12.00
# Visual Studio Version 17
VisualStudioVersion = 17.6.33829.357
MinimumVisualStudioVersion = 10.0.40219.1
Project("{FAE04EC0-301F-11D3-BF4B-00C04F79EFBC}") = "FirstAspNetCoreApp", "FirstAspNetCoreApp\FirstAspNetCoreApp.csproj", "{8C4C2F54-3B47-4F8D-BACF-6221AA00EC9A}"
EndProject
Global
	GlobalSection(SolutionConfigurationPlatforms) = preSolution
		Debug|Any CPU = Debug|Any CPU
		Release|Any CPU = Release|Any CPU
	EndGlobalSection
	GlobalSection(ProjectConfigurationPlatforms) = postSolution
		{8C4C2F54-3B47-4F8D-BACF-6221AA00EC9A}.Debug|Any CPU.ActiveCfg = Debug|Any CPU
		{8C4C2F54-3B47-4F8D-BACF-6221AA00EC9A}.Debug|Any CPU.Build.0 = Debug|Any CPU
		{8C4C2F54-3B47-4F8D-BACF-6221AA00EC9A}.Release|Any CPU.ActiveCfg = Release|Any CPU
		{8C4C2F54-3B47-4F8D-BACF-6221AA00EC9A}.Release|Any CPU.Build.0 = Release|Any CPU
	EndGlobalSection
	GlobalSection(SolutionProperties) = preSolution
		HideSolutionNode = FALSE
	EndGlobalSection
	GlobalSection(ExtensibilityGlobals) = postSolution
		SolutionGuid = {850B459C-5B22-4A25-B2AC-E0088D57D74C}
	EndGlobalSection
EndGlobal
